// !$*UTF8*$!
{
	archiveVersion = 1;
	classes = {
	};
	objectVersion = 50;
	objects = {

/* Begin PBXBuildFile section */
		690F6DF924A34D5C009BD28D /* TripCell.swift in Sources */ = {isa = PBXBuildFile; fileRef = 690F6DF824A34D5B009BD28D /* TripCell.swift */; };
		690F6DFB24A35D83009BD28D /* StatisticsCell.swift in Sources */ = {isa = PBXBuildFile; fileRef = 690F6DFA24A35D83009BD28D /* StatisticsCell.swift */; };
		6910BA9C24B43A1700F27E1B /* TheTripViewController.swift in Sources */ = {isa = PBXBuildFile; fileRef = 6910BA9B24B43A1700F27E1B /* TheTripViewController.swift */; };
		6910BA9E24B443E900F27E1B /* TheTripCell.swift in Sources */ = {isa = PBXBuildFile; fileRef = 6910BA9D24B443E900F27E1B /* TheTripCell.swift */; };
		6924E04324A1BD23001CDBB7 /* AppDelegate.swift in Sources */ = {isa = PBXBuildFile; fileRef = 6924E04224A1BD23001CDBB7 /* AppDelegate.swift */; };
		6924E04524A1BD23001CDBB7 /* SceneDelegate.swift in Sources */ = {isa = PBXBuildFile; fileRef = 6924E04424A1BD23001CDBB7 /* SceneDelegate.swift */; };
		6924E04724A1BD23001CDBB7 /* ViewController.swift in Sources */ = {isa = PBXBuildFile; fileRef = 6924E04624A1BD23001CDBB7 /* ViewController.swift */; };
		6924E04A24A1BD23001CDBB7 /* Main.storyboard in Resources */ = {isa = PBXBuildFile; fileRef = 6924E04824A1BD23001CDBB7 /* Main.storyboard */; };
		6924E04C24A1BD26001CDBB7 /* Assets.xcassets in Resources */ = {isa = PBXBuildFile; fileRef = 6924E04B24A1BD26001CDBB7 /* Assets.xcassets */; };
		6924E04F24A1BD26001CDBB7 /* LaunchScreen.storyboard in Resources */ = {isa = PBXBuildFile; fileRef = 6924E04D24A1BD26001CDBB7 /* LaunchScreen.storyboard */; };
		6924E05824A1C18B001CDBB7 /* Models.swift in Sources */ = {isa = PBXBuildFile; fileRef = 6924E05724A1C18B001CDBB7 /* Models.swift */; };
		6924E06624A21D8C001CDBB7 /* DataSource.swift in Sources */ = {isa = PBXBuildFile; fileRef = 6924E06524A21D8C001CDBB7 /* DataSource.swift */; };
		694AD75624B71920007783E7 /* TheResortHeaderCell.swift in Sources */ = {isa = PBXBuildFile; fileRef = 694AD75524B71920007783E7 /* TheResortHeaderCell.swift */; };
		694AD75824B72E5F007783E7 /* ResortsDayCell.swift in Sources */ = {isa = PBXBuildFile; fileRef = 694AD75724B72E5F007783E7 /* ResortsDayCell.swift */; };
		694AD75B24B81855007783E7 /* TheDayViewController.swift in Sources */ = {isa = PBXBuildFile; fileRef = 694AD75A24B81855007783E7 /* TheDayViewController.swift */; };
		694AD75D24B81A57007783E7 /* TheDayStatisticsCell.swift in Sources */ = {isa = PBXBuildFile; fileRef = 694AD75C24B81A57007783E7 /* TheDayStatisticsCell.swift */; };
		694AD75F24B81F12007783E7 /* TheDayCollectionViewCell.swift in Sources */ = {isa = PBXBuildFile; fileRef = 694AD75E24B81F12007783E7 /* TheDayCollectionViewCell.swift */; };
		6975CAD324B4776B00FBBAA1 /* TheTripCollectionViewCell.swift in Sources */ = {isa = PBXBuildFile; fileRef = 6975CAD224B4776B00FBBAA1 /* TheTripCollectionViewCell.swift */; };
		69B95A0624BC240000A0CBBB /* DayFeedCells.swift in Sources */ = {isa = PBXBuildFile; fileRef = 69B95A0524BC240000A0CBBB /* DayFeedCells.swift */; };
		69B95A0824BC244D00A0CBBB /* DayFeedFullRestCell.xib in Resources */ = {isa = PBXBuildFile; fileRef = 69B95A0724BC244D00A0CBBB /* DayFeedFullRestCell.xib */; };
		69B95A0A24BC245E00A0CBBB /* DayFeedLiftCell.xib in Resources */ = {isa = PBXBuildFile; fileRef = 69B95A0924BC245E00A0CBBB /* DayFeedLiftCell.xib */; };
		69B95A0C24BC246700A0CBBB /* DayFeedEnterLeftResortCell.xib in Resources */ = {isa = PBXBuildFile; fileRef = 69B95A0B24BC246700A0CBBB /* DayFeedEnterLeftResortCell.xib */; };
		69B95A0E24BC247000A0CBBB /* DayFeedTrackCell.xib in Resources */ = {isa = PBXBuildFile; fileRef = 69B95A0D24BC247000A0CBBB /* DayFeedTrackCell.xib */; };
		69D2517F24A49EAF00908C96 /* SeasonHeaderCell.swift in Sources */ = {isa = PBXBuildFile; fileRef = 69D2517E24A49EAF00908C96 /* SeasonHeaderCell.swift */; };
		69F7354F24AB39E3002A6668 /* CollectionViewCell.swift in Sources */ = {isa = PBXBuildFile; fileRef = 69F7354E24AB39E3002A6668 /* CollectionViewCell.swift */; };
/* End PBXBuildFile section */

/* Begin PBXFileReference section */
		690F6DF824A34D5B009BD28D /* TripCell.swift */ = {isa = PBXFileReference; lastKnownFileType = sourcecode.swift; path = TripCell.swift; sourceTree = "<group>"; };
		690F6DFA24A35D83009BD28D /* StatisticsCell.swift */ = {isa = PBXFileReference; lastKnownFileType = sourcecode.swift; path = StatisticsCell.swift; sourceTree = "<group>"; };
		6910BA9B24B43A1700F27E1B /* TheTripViewController.swift */ = {isa = PBXFileReference; lastKnownFileType = sourcecode.swift; path = TheTripViewController.swift; sourceTree = "<group>"; };
		6910BA9D24B443E900F27E1B /* TheTripCell.swift */ = {isa = PBXFileReference; lastKnownFileType = sourcecode.swift; path = TheTripCell.swift; sourceTree = "<group>"; };
		6924E03F24A1BD23001CDBB7 /* Tracks.app */ = {isa = PBXFileReference; explicitFileType = wrapper.application; includeInIndex = 0; path = Tracks.app; sourceTree = BUILT_PRODUCTS_DIR; };
		6924E04224A1BD23001CDBB7 /* AppDelegate.swift */ = {isa = PBXFileReference; lastKnownFileType = sourcecode.swift; path = AppDelegate.swift; sourceTree = "<group>"; };
		6924E04424A1BD23001CDBB7 /* SceneDelegate.swift */ = {isa = PBXFileReference; lastKnownFileType = sourcecode.swift; path = SceneDelegate.swift; sourceTree = "<group>"; };
		6924E04624A1BD23001CDBB7 /* ViewController.swift */ = {isa = PBXFileReference; lastKnownFileType = sourcecode.swift; path = ViewController.swift; sourceTree = "<group>"; };
		6924E04924A1BD23001CDBB7 /* Base */ = {isa = PBXFileReference; lastKnownFileType = file.storyboard; name = Base; path = Base.lproj/Main.storyboard; sourceTree = "<group>"; };
		6924E04B24A1BD26001CDBB7 /* Assets.xcassets */ = {isa = PBXFileReference; lastKnownFileType = folder.assetcatalog; path = Assets.xcassets; sourceTree = "<group>"; };
		6924E04E24A1BD26001CDBB7 /* Base */ = {isa = PBXFileReference; lastKnownFileType = file.storyboard; name = Base; path = Base.lproj/LaunchScreen.storyboard; sourceTree = "<group>"; };
		6924E05024A1BD26001CDBB7 /* Info.plist */ = {isa = PBXFileReference; lastKnownFileType = text.plist.xml; path = Info.plist; sourceTree = "<group>"; };
		6924E05724A1C18B001CDBB7 /* Models.swift */ = {isa = PBXFileReference; lastKnownFileType = sourcecode.swift; path = Models.swift; sourceTree = "<group>"; };
		6924E06524A21D8C001CDBB7 /* DataSource.swift */ = {isa = PBXFileReference; lastKnownFileType = sourcecode.swift; path = DataSource.swift; sourceTree = "<group>"; };
		694AD75524B71920007783E7 /* TheResortHeaderCell.swift */ = {isa = PBXFileReference; lastKnownFileType = sourcecode.swift; path = TheResortHeaderCell.swift; sourceTree = "<group>"; };
		694AD75724B72E5F007783E7 /* ResortsDayCell.swift */ = {isa = PBXFileReference; lastKnownFileType = sourcecode.swift; path = ResortsDayCell.swift; sourceTree = "<group>"; };
		694AD75A24B81855007783E7 /* TheDayViewController.swift */ = {isa = PBXFileReference; lastKnownFileType = sourcecode.swift; path = TheDayViewController.swift; sourceTree = "<group>"; };
		694AD75C24B81A57007783E7 /* TheDayStatisticsCell.swift */ = {isa = PBXFileReference; lastKnownFileType = sourcecode.swift; path = TheDayStatisticsCell.swift; sourceTree = "<group>"; };
		694AD75E24B81F12007783E7 /* TheDayCollectionViewCell.swift */ = {isa = PBXFileReference; lastKnownFileType = sourcecode.swift; path = TheDayCollectionViewCell.swift; sourceTree = "<group>"; };
		6975CAD224B4776B00FBBAA1 /* TheTripCollectionViewCell.swift */ = {isa = PBXFileReference; lastKnownFileType = sourcecode.swift; path = TheTripCollectionViewCell.swift; sourceTree = "<group>"; };
		69B95A0524BC240000A0CBBB /* DayFeedCells.swift */ = {isa = PBXFileReference; lastKnownFileType = sourcecode.swift; path = DayFeedCells.swift; sourceTree = "<group>"; };
		69B95A0724BC244D00A0CBBB /* DayFeedFullRestCell.xib */ = {isa = PBXFileReference; fileEncoding = 4; lastKnownFileType = file.xib; path = DayFeedFullRestCell.xib; sourceTree = "<group>"; };
		69B95A0924BC245E00A0CBBB /* DayFeedLiftCell.xib */ = {isa = PBXFileReference; fileEncoding = 4; lastKnownFileType = file.xib; path = DayFeedLiftCell.xib; sourceTree = "<group>"; };
		69B95A0B24BC246700A0CBBB /* DayFeedEnterLeftResortCell.xib */ = {isa = PBXFileReference; fileEncoding = 4; lastKnownFileType = file.xib; path = DayFeedEnterLeftResortCell.xib; sourceTree = "<group>"; };
		69B95A0D24BC247000A0CBBB /* DayFeedTrackCell.xib */ = {isa = PBXFileReference; fileEncoding = 4; lastKnownFileType = file.xib; path = DayFeedTrackCell.xib; sourceTree = "<group>"; };
		69D2517E24A49EAF00908C96 /* SeasonHeaderCell.swift */ = {isa = PBXFileReference; lastKnownFileType = sourcecode.swift; name = SeasonHeaderCell.swift; path = Tracks/Cells/SeasonHeaderCell.swift; sourceTree = SOURCE_ROOT; };
		69F7354E24AB39E3002A6668 /* CollectionViewCell.swift */ = {isa = PBXFileReference; lastKnownFileType = sourcecode.swift; path = CollectionViewCell.swift; sourceTree = "<group>"; };
/* End PBXFileReference section */

/* Begin PBXFrameworksBuildPhase section */
		6924E03C24A1BD23001CDBB7 /* Frameworks */ = {
			isa = PBXFrameworksBuildPhase;
			buildActionMask = 2147483647;
			files = (
			);
			runOnlyForDeploymentPostprocessing = 0;
		};
/* End PBXFrameworksBuildPhase section */

/* Begin PBXGroup section */
		690F6DF724A34CEF009BD28D /* SeasonCells */ = {
			isa = PBXGroup;
			children = (
				691B38F924C074C0005820D2 /* StatisticsCell */,
				690F6DF824A34D5B009BD28D /* TripCell.swift */,
				69D2517E24A49EAF00908C96 /* SeasonHeaderCell.swift */,
			);
			path = SeasonCells;
			sourceTree = "<group>";
		};
		6910BA9A24B439C900F27E1B /* TheTrip */ = {
			isa = PBXGroup;
			children = (
				6910BA9B24B43A1700F27E1B /* TheTripViewController.swift */,
				6910BA9D24B443E900F27E1B /* TheTripCell.swift */,
				6975CAD224B4776B00FBBAA1 /* TheTripCollectionViewCell.swift */,
				694AD75524B71920007783E7 /* TheResortHeaderCell.swift */,
				694AD75724B72E5F007783E7 /* ResortsDayCell.swift */,
			);
			name = TheTrip;
			path = TheDay/TheTrip;
			sourceTree = "<group>";
		};
		691B38F924C074C0005820D2 /* StatisticsCell */ = {
			isa = PBXGroup;
			children = (
				690F6DFA24A35D83009BD28D /* StatisticsCell.swift */,
				69F7354E24AB39E3002A6668 /* CollectionViewCell.swift */,
			);
			path = StatisticsCell;
			sourceTree = "<group>";
		};
		6924E03624A1BD23001CDBB7 = {
			isa = PBXGroup;
			children = (
				6924E04124A1BD23001CDBB7 /* Tracks */,
				6924E04024A1BD23001CDBB7 /* Products */,
			);
			sourceTree = "<group>";
		};
		6924E04024A1BD23001CDBB7 /* Products */ = {
			isa = PBXGroup;
			children = (
				6924E03F24A1BD23001CDBB7 /* Tracks.app */,
			);
			name = Products;
			sourceTree = "<group>";
		};
		6924E04124A1BD23001CDBB7 /* Tracks */ = {
			isa = PBXGroup;
			children = (
				6924E04624A1BD23001CDBB7 /* ViewController.swift */,
				6924E04824A1BD23001CDBB7 /* Main.storyboard */,
				694AD75924B81746007783E7 /* TheDay */,
				6910BA9A24B439C900F27E1B /* TheTrip */,
				6924E05624A1C0AD001CDBB7 /* Model */,
				690F6DF724A34CEF009BD28D /* SeasonCells */,
				6924E04224A1BD23001CDBB7 /* AppDelegate.swift */,
				6924E04424A1BD23001CDBB7 /* SceneDelegate.swift */,
				6924E04B24A1BD26001CDBB7 /* Assets.xcassets */,
				6924E04D24A1BD26001CDBB7 /* LaunchScreen.storyboard */,
				6924E05024A1BD26001CDBB7 /* Info.plist */,
			);
			path = Tracks;
			sourceTree = "<group>";
		};
		6924E05624A1C0AD001CDBB7 /* Model */ = {
			isa = PBXGroup;
			children = (
				6924E05724A1C18B001CDBB7 /* Models.swift */,
				6924E06524A21D8C001CDBB7 /* DataSource.swift */,
			);
			path = Model;
			sourceTree = "<group>";
		};
		694AD75924B81746007783E7 /* TheDay */ = {
			isa = PBXGroup;
			children = (
				69B95A0424BC23B800A0CBBB /* DayFeedCells */,
				694AD75A24B81855007783E7 /* TheDayViewController.swift */,
				694AD75C24B81A57007783E7 /* TheDayStatisticsCell.swift */,
				694AD75E24B81F12007783E7 /* TheDayCollectionViewCell.swift */,
			);
			path = TheDay;
			sourceTree = "<group>";
		};
		69B95A0424BC23B800A0CBBB /* DayFeedCells */ = {
			isa = PBXGroup;
			children = (
				69B95A0524BC240000A0CBBB /* DayFeedCells.swift */,
				69B95A0D24BC247000A0CBBB /* DayFeedTrackCell.xib */,
				69B95A0B24BC246700A0CBBB /* DayFeedEnterLeftResortCell.xib */,
				69B95A0924BC245E00A0CBBB /* DayFeedLiftCell.xib */,
				69B95A0724BC244D00A0CBBB /* DayFeedFullRestCell.xib */,
			);
			path = DayFeedCells;
			sourceTree = "<group>";
		};
/* End PBXGroup section */

/* Begin PBXNativeTarget section */
		6924E03E24A1BD23001CDBB7 /* Tracks */ = {
			isa = PBXNativeTarget;
			buildConfigurationList = 6924E05324A1BD26001CDBB7 /* Build configuration list for PBXNativeTarget "Tracks" */;
			buildPhases = (
				6924E03B24A1BD23001CDBB7 /* Sources */,
				6924E03C24A1BD23001CDBB7 /* Frameworks */,
				6924E03D24A1BD23001CDBB7 /* Resources */,
			);
			buildRules = (
			);
			dependencies = (
			);
			name = Tracks;
			productName = tracks;
			productReference = 6924E03F24A1BD23001CDBB7 /* Tracks.app */;
			productType = "com.apple.product-type.application";
		};
/* End PBXNativeTarget section */

/* Begin PBXProject section */
		6924E03724A1BD23001CDBB7 /* Project object */ = {
			isa = PBXProject;
			attributes = {
				LastSwiftUpdateCheck = 1150;
				LastUpgradeCheck = 1150;
				ORGANIZATIONNAME = "Mikhail Chukhvantsev";
				TargetAttributes = {
					6924E03E24A1BD23001CDBB7 = {
						CreatedOnToolsVersion = 11.5;
					};
				};
			};
			buildConfigurationList = 6924E03A24A1BD23001CDBB7 /* Build configuration list for PBXProject "Tracks" */;
			compatibilityVersion = "Xcode 9.3";
			developmentRegion = en;
			hasScannedForEncodings = 0;
			knownRegions = (
				en,
				Base,
			);
			mainGroup = 6924E03624A1BD23001CDBB7;
			productRefGroup = 6924E04024A1BD23001CDBB7 /* Products */;
			projectDirPath = "";
			projectRoot = "";
			targets = (
				6924E03E24A1BD23001CDBB7 /* Tracks */,
			);
		};
/* End PBXProject section */

/* Begin PBXResourcesBuildPhase section */
		6924E03D24A1BD23001CDBB7 /* Resources */ = {
			isa = PBXResourcesBuildPhase;
			buildActionMask = 2147483647;
			files = (
				6924E04F24A1BD26001CDBB7 /* LaunchScreen.storyboard in Resources */,
				6924E04C24A1BD26001CDBB7 /* Assets.xcassets in Resources */,
				6924E04A24A1BD23001CDBB7 /* Main.storyboard in Resources */,
				69B95A0824BC244D00A0CBBB /* DayFeedFullRestCell.xib in Resources */,
				69B95A0A24BC245E00A0CBBB /* DayFeedLiftCell.xib in Resources */,
				69B95A0C24BC246700A0CBBB /* DayFeedEnterLeftResortCell.xib in Resources */,
				69B95A0E24BC247000A0CBBB /* DayFeedTrackCell.xib in Resources */,
			);
			runOnlyForDeploymentPostprocessing = 0;
		};
/* End PBXResourcesBuildPhase section */

/* Begin PBXSourcesBuildPhase section */
		6924E03B24A1BD23001CDBB7 /* Sources */ = {
			isa = PBXSourcesBuildPhase;
			buildActionMask = 2147483647;
			files = (
				6924E06624A21D8C001CDBB7 /* DataSource.swift in Sources */,
				6924E04724A1BD23001CDBB7 /* ViewController.swift in Sources */,
				694AD75B24B81855007783E7 /* TheDayViewController.swift in Sources */,
				69F7354F24AB39E3002A6668 /* CollectionViewCell.swift in Sources */,
				690F6DFB24A35D83009BD28D /* StatisticsCell.swift in Sources */,
				6924E04324A1BD23001CDBB7 /* AppDelegate.swift in Sources */,
				694AD75824B72E5F007783E7 /* ResortsDayCell.swift in Sources */,
				6975CAD324B4776B00FBBAA1 /* TheTripCollectionViewCell.swift in Sources */,
				69B95A0624BC240000A0CBBB /* DayFeedCells.swift in Sources */,
				6924E04524A1BD23001CDBB7 /* SceneDelegate.swift in Sources */,
				6924E05824A1C18B001CDBB7 /* Models.swift in Sources */,
				6910BA9E24B443E900F27E1B /* TheTripCell.swift in Sources */,
				6910BA9C24B43A1700F27E1B /* TheTripViewController.swift in Sources */,
				694AD75F24B81F12007783E7 /* TheDayCollectionViewCell.swift in Sources */,
				69D2517F24A49EAF00908C96 /* SeasonHeaderCell.swift in Sources */,
				690F6DF924A34D5C009BD28D /* TripCell.swift in Sources */,
				694AD75624B71920007783E7 /* TheResortHeaderCell.swift in Sources */,
				694AD75D24B81A57007783E7 /* TheDayStatisticsCell.swift in Sources */,
			);
			runOnlyForDeploymentPostprocessing = 0;
		};
/* End PBXSourcesBuildPhase section */

/* Begin PBXVariantGroup section */
		6924E04824A1BD23001CDBB7 /* Main.storyboard */ = {
			isa = PBXVariantGroup;
			children = (
				6924E04924A1BD23001CDBB7 /* Base */,
			);
			name = Main.storyboard;
			sourceTree = "<group>";
		};
		6924E04D24A1BD26001CDBB7 /* LaunchScreen.storyboard */ = {
			isa = PBXVariantGroup;
			children = (
				6924E04E24A1BD26001CDBB7 /* Base */,
			);
			name = LaunchScreen.storyboard;
			sourceTree = "<group>";
		};
/* End PBXVariantGroup section */

/* Begin XCBuildConfiguration section */
		6924E05124A1BD26001CDBB7 /* Debug */ = {
			isa = XCBuildConfiguration;
			buildSettings = {
				ALWAYS_SEARCH_USER_PATHS = NO;
				CLANG_ANALYZER_NONNULL = YES;
				CLANG_ANALYZER_NUMBER_OBJECT_CONVERSION = YES_AGGRESSIVE;
				CLANG_CXX_LANGUAGE_STANDARD = "gnu++14";
				CLANG_CXX_LIBRARY = "libc++";
				CLANG_ENABLE_MODULES = YES;
				CLANG_ENABLE_OBJC_ARC = YES;
				CLANG_ENABLE_OBJC_WEAK = YES;
				CLANG_WARN_BLOCK_CAPTURE_AUTORELEASING = YES;
				CLANG_WARN_BOOL_CONVERSION = YES;
				CLANG_WARN_COMMA = YES;
				CLANG_WARN_CONSTANT_CONVERSION = YES;
				CLANG_WARN_DEPRECATED_OBJC_IMPLEMENTATIONS = YES;
				CLANG_WARN_DIRECT_OBJC_ISA_USAGE = YES_ERROR;
				CLANG_WARN_DOCUMENTATION_COMMENTS = YES;
				CLANG_WARN_EMPTY_BODY = YES;
				CLANG_WARN_ENUM_CONVERSION = YES;
				CLANG_WARN_INFINITE_RECURSION = YES;
				CLANG_WARN_INT_CONVERSION = YES;
				CLANG_WARN_NON_LITERAL_NULL_CONVERSION = YES;
				CLANG_WARN_OBJC_IMPLICIT_RETAIN_SELF = YES;
				CLANG_WARN_OBJC_LITERAL_CONVERSION = YES;
				CLANG_WARN_OBJC_ROOT_CLASS = YES_ERROR;
				CLANG_WARN_RANGE_LOOP_ANALYSIS = YES;
				CLANG_WARN_STRICT_PROTOTYPES = YES;
				CLANG_WARN_SUSPICIOUS_MOVE = YES;
				CLANG_WARN_UNGUARDED_AVAILABILITY = YES_AGGRESSIVE;
				CLANG_WARN_UNREACHABLE_CODE = YES;
				CLANG_WARN__DUPLICATE_METHOD_MATCH = YES;
				COPY_PHASE_STRIP = NO;
				DEBUG_INFORMATION_FORMAT = dwarf;
				ENABLE_STRICT_OBJC_MSGSEND = YES;
				ENABLE_TESTABILITY = YES;
				GCC_C_LANGUAGE_STANDARD = gnu11;
				GCC_DYNAMIC_NO_PIC = NO;
				GCC_NO_COMMON_BLOCKS = YES;
				GCC_OPTIMIZATION_LEVEL = 0;
				GCC_PREPROCESSOR_DEFINITIONS = (
					"DEBUG=1",
					"$(inherited)",
				);
				GCC_WARN_64_TO_32_BIT_CONVERSION = YES;
				GCC_WARN_ABOUT_RETURN_TYPE = YES_ERROR;
				GCC_WARN_UNDECLARED_SELECTOR = YES;
				GCC_WARN_UNINITIALIZED_AUTOS = YES_AGGRESSIVE;
				GCC_WARN_UNUSED_FUNCTION = YES;
				GCC_WARN_UNUSED_VARIABLE = YES;
				IPHONEOS_DEPLOYMENT_TARGET = 13.5;
				MTL_ENABLE_DEBUG_INFO = INCLUDE_SOURCE;
				MTL_FAST_MATH = YES;
				ONLY_ACTIVE_ARCH = YES;
				SDKROOT = iphoneos;
				SWIFT_ACTIVE_COMPILATION_CONDITIONS = DEBUG;
				SWIFT_OPTIMIZATION_LEVEL = "-Onone";
			};
			name = Debug;
		};
		6924E05224A1BD26001CDBB7 /* Release */ = {
			isa = XCBuildConfiguration;
			buildSettings = {
				ALWAYS_SEARCH_USER_PATHS = NO;
				CLANG_ANALYZER_NONNULL = YES;
				CLANG_ANALYZER_NUMBER_OBJECT_CONVERSION = YES_AGGRESSIVE;
				CLANG_CXX_LANGUAGE_STANDARD = "gnu++14";
				CLANG_CXX_LIBRARY = "libc++";
				CLANG_ENABLE_MODULES = YES;
				CLANG_ENABLE_OBJC_ARC = YES;
				CLANG_ENABLE_OBJC_WEAK = YES;
				CLANG_WARN_BLOCK_CAPTURE_AUTORELEASING = YES;
				CLANG_WARN_BOOL_CONVERSION = YES;
				CLANG_WARN_COMMA = YES;
				CLANG_WARN_CONSTANT_CONVERSION = YES;
				CLANG_WARN_DEPRECATED_OBJC_IMPLEMENTATIONS = YES;
				CLANG_WARN_DIRECT_OBJC_ISA_USAGE = YES_ERROR;
				CLANG_WARN_DOCUMENTATION_COMMENTS = YES;
				CLANG_WARN_EMPTY_BODY = YES;
				CLANG_WARN_ENUM_CONVERSION = YES;
				CLANG_WARN_INFINITE_RECURSION = YES;
				CLANG_WARN_INT_CONVERSION = YES;
				CLANG_WARN_NON_LITERAL_NULL_CONVERSION = YES;
				CLANG_WARN_OBJC_IMPLICIT_RETAIN_SELF = YES;
				CLANG_WARN_OBJC_LITERAL_CONVERSION = YES;
				CLANG_WARN_OBJC_ROOT_CLASS = YES_ERROR;
				CLANG_WARN_RANGE_LOOP_ANALYSIS = YES;
				CLANG_WARN_STRICT_PROTOTYPES = YES;
				CLANG_WARN_SUSPICIOUS_MOVE = YES;
				CLANG_WARN_UNGUARDED_AVAILABILITY = YES_AGGRESSIVE;
				CLANG_WARN_UNREACHABLE_CODE = YES;
				CLANG_WARN__DUPLICATE_METHOD_MATCH = YES;
				COPY_PHASE_STRIP = NO;
				DEBUG_INFORMATION_FORMAT = "dwarf-with-dsym";
				ENABLE_NS_ASSERTIONS = NO;
				ENABLE_STRICT_OBJC_MSGSEND = YES;
				GCC_C_LANGUAGE_STANDARD = gnu11;
				GCC_NO_COMMON_BLOCKS = YES;
				GCC_WARN_64_TO_32_BIT_CONVERSION = YES;
				GCC_WARN_ABOUT_RETURN_TYPE = YES_ERROR;
				GCC_WARN_UNDECLARED_SELECTOR = YES;
				GCC_WARN_UNINITIALIZED_AUTOS = YES_AGGRESSIVE;
				GCC_WARN_UNUSED_FUNCTION = YES;
				GCC_WARN_UNUSED_VARIABLE = YES;
				IPHONEOS_DEPLOYMENT_TARGET = 13.5;
				MTL_ENABLE_DEBUG_INFO = NO;
				MTL_FAST_MATH = YES;
				SDKROOT = iphoneos;
				SWIFT_COMPILATION_MODE = wholemodule;
				SWIFT_OPTIMIZATION_LEVEL = "-O";
				VALIDATE_PRODUCT = YES;
			};
			name = Release;
		};
		6924E05424A1BD26001CDBB7 /* Debug */ = {
			isa = XCBuildConfiguration;
			buildSettings = {
				ASSETCATALOG_COMPILER_APPICON_NAME = AppIcon;
				CODE_SIGN_STYLE = Automatic;
				DEVELOPMENT_TEAM = A7FMBFG6GU;
				INFOPLIST_FILE = tracks/Info.plist;
				IPHONEOS_DEPLOYMENT_TARGET = 11.1;
				LD_RUNPATH_SEARCH_PATHS = (
					"$(inherited)",
					"@executable_path/Frameworks",
				);
				PRODUCT_BUNDLE_IDENTIFIER = com.Nerkys.Tracks;
				PRODUCT_NAME = Tracks;
				SWIFT_VERSION = 5.0;
				TARGETED_DEVICE_FAMILY = 1;
			};
			name = Debug;
		};
		6924E05524A1BD26001CDBB7 /* Release */ = {
			isa = XCBuildConfiguration;
			buildSettings = {
				ASSETCATALOG_COMPILER_APPICON_NAME = AppIcon;
				CODE_SIGN_STYLE = Automatic;
				DEVELOPMENT_TEAM = A7FMBFG6GU;
				INFOPLIST_FILE = tracks/Info.plist;
				IPHONEOS_DEPLOYMENT_TARGET = 11.1;
				LD_RUNPATH_SEARCH_PATHS = (
					"$(inherited)",
					"@executable_path/Frameworks",
				);
				PRODUCT_BUNDLE_IDENTIFIER = com.Nerkys.Tracks;
				PRODUCT_NAME = Tracks;
				SWIFT_VERSION = 5.0;
				TARGETED_DEVICE_FAMILY = 1;
			};
			name = Release;
		};
/* End XCBuildConfiguration section */

/* Begin XCConfigurationList section */
		6924E03A24A1BD23001CDBB7 /* Build configuration list for PBXProject "Tracks" */ = {
			isa = XCConfigurationList;
			buildConfigurations = (
				6924E05124A1BD26001CDBB7 /* Debug */,
				6924E05224A1BD26001CDBB7 /* Release */,
			);
			defaultConfigurationIsVisible = 0;
			defaultConfigurationName = Release;
		};
		6924E05324A1BD26001CDBB7 /* Build configuration list for PBXNativeTarget "Tracks" */ = {
			isa = XCConfigurationList;
			buildConfigurations = (
				6924E05424A1BD26001CDBB7 /* Debug */,
				6924E05524A1BD26001CDBB7 /* Release */,
			);
			defaultConfigurationIsVisible = 0;
			defaultConfigurationName = Release;
		};
/* End XCConfigurationList section */
	};
	rootObject = 6924E03724A1BD23001CDBB7 /* Project object */;
}
